
Microsoft Visual Studio Solution File, Format Version 12.00
# Visual Studio Version 17
VisualStudioVersion = 17.0.31903.59
MinimumVisualStudioVersion = 10.0.40219.1
Project("{9A19103F-16F7-4668-BE54-9A1E7A4F7556}") = "WatsonORM", "WatsonORM\WatsonORM.csproj", "{A0796A57-EED8-4E3B-830A-F9B1653919C8}"
EndProject
Project("{9A19103F-16F7-4668-BE54-9A1E7A4F7556}") = "WatsonORM.Core", "WatsonORM.Core\WatsonORM.Core.csproj", "{B0796A57-EED8-4E3B-830A-F9B1653919C8}"
EndProject
Project("{9A19103F-16F7-4668-BE54-9A1E7A4F7556}") = "WatsonORM.Sqlite", "WatsonORM.Sqlite\WatsonORM.Sqlite.csproj", "{C6368D69-7131-4BCA-BA69-3183FC6F3498}"
EndProject
Project("{9A19103F-16F7-4668-BE54-9A1E7A4F7556}") = "WatsonORM.SqlServer", "WatsonORM.SqlServer\WatsonORM.SqlServer.csproj", "{D6368D69-7131-4BCA-BA69-3183FC6F3498}"
EndProject
Project("{9A19103F-16F7-4668-BE54-9A1E7A4F7556}") = "WatsonORM.Postgresql", "WatsonORM.Postgresql\WatsonORM.Postgresql.csproj", "{E6368D69-7131-4BCA-BA69-3183FC6F3498}"
EndProject
Project("{9A19103F-16F7-4668-BE54-9A1E7A4F7556}") = "WatsonORM.Mysql", "WatsonORM.Mysql\WatsonORM.Mysql.csproj", "{F6368D69-7131-4BCA-BA69-3183FC6F3498}"
EndProject
Project("{9A19103F-16F7-4668-BE54-9A1E7A4F7556}") = "Test", "Test\Test.csproj", "{11702967-8092-4CAA-94D8-F4DB17BAA7C3}"
EndProject
Project("{9A19103F-16F7-4668-BE54-9A1E7A4F7556}") = "Test.Sqlite", "Test.Sqlite\Test.Sqlite.csproj", "{5EDFF837-3C89-47D1-AD87-7F831ED8AE0F}"
EndProject
Project("{9A19103F-16F7-4668-BE54-9A1E7A4F7556}") = "Test.Mysql", "Test.Mysql\Test.Mysql.csproj", "{22F901B6-04B3-49C0-9A5F-87C52DCC9CA9}"
EndProject
Project("{9A19103F-16F7-4668-BE54-9A1E7A4F7556}") = "Test.Postgresql", "Test.Postgresql\Test.Postgresql.csproj", "{E842FA31-3CAA-4AB5-BC87-81DF52C4A3FA}"
EndProject
Project("{9A19103F-16F7-4668-BE54-9A1E7A4F7556}") = "Test.SqlServer", "Test.SqlServer\Test.SqlServer.csproj", "{958B798D-A666-4460-8AD9-CA54B244796A}"
EndProject
Project("{9A19103F-16F7-4668-BE54-9A1E7A4F7556}") = "Test.NoColumnNames", "Test.NoColumnNames\Test.NoColumnNames.csproj", "{3C52EE64-1AB7-4914-AEAC-AABB6597738E}"
EndProject
Project("{9A19103F-16F7-4668-BE54-9A1E7A4F7556}") = "Test.Async", "Test.Async\Test.Async.csproj", "{11702967-8092-4CAA-94D8-F4DB17BAA7C5}"
EndProject
Project("{9A19103F-16F7-4668-BE54-9A1E7A4F7556}") = "Test.SqliteAsync", "Test.SqliteAsync\Test.SqliteAsync.csproj", "{5EDFF837-3C89-47D1-AD87-7F831ED8AE0A}"
EndProject
Project("{9A19103F-16F7-4668-BE54-9A1E7A4F7556}") = "Test.MysqlAsync", "Test.MysqlAsync\Test.MysqlAsync.csproj", "{22F901B6-04B3-49C0-9A5F-87C52DCC9CA3}"
EndProject
Project("{9A19103F-16F7-4668-BE54-9A1E7A4F7556}") = "Test.PostgresqlAsync", "Test.PostgresqlAsync\Test.PostgresqlAsync.csproj", "{E842FA31-3CAA-4AB5-BC87-81DF52C4A3F2}"
EndProject
Project("{9A19103F-16F7-4668-BE54-9A1E7A4F7556}") = "Test.SqlServerAsync", "Test.SqlServerAsync\Test.SqlServerAsync.csproj", "{958B798D-A666-4460-8AD9-CA54B244796B}"
EndProject
Project("{9A19103F-16F7-4668-BE54-9A1E7A4F7556}") = "Test.NoColumnNamesAsync", "Test.NoColumnNamesAsync\Test.NoColumnNamesAsync.csproj", "{3C52EE64-1AB7-4914-AEAC-AABB6597738D}"
EndProject
Global
	GlobalSection(SolutionConfigurationPlatforms) = preSolution
		Debug|Any CPU = Debug|Any CPU
		Release|Any CPU = Release|Any CPU
	EndGlobalSection
	GlobalSection(ProjectConfigurationPlatforms) = postSolution
		{A0796A57-EED8-4E3B-830A-F9B1653919C8}.Debug|Any CPU.ActiveCfg = Debug|Any CPU
		{A0796A57-EED8-4E3B-830A-F9B1653919C8}.Debug|Any CPU.Build.0 = Debug|Any CPU
		{A0796A57-EED8-4E3B-830A-F9B1653919C8}.Release|Any CPU.ActiveCfg = Release|Any CPU
		{A0796A57-EED8-4E3B-830A-F9B1653919C8}.Release|Any CPU.Build.0 = Release|Any CPU
		{B0796A57-EED8-4E3B-830A-F9B1653919C8}.Debug|Any CPU.ActiveCfg = Debug|Any CPU
		{B0796A57-EED8-4E3B-830A-F9B1653919C8}.Debug|Any CPU.Build.0 = Debug|Any CPU
		{B0796A57-EED8-4E3B-830A-F9B1653919C8}.Release|Any CPU.ActiveCfg = Release|Any CPU
		{B0796A57-EED8-4E3B-830A-F9B1653919C8}.Release|Any CPU.Build.0 = Release|Any CPU
		{C6368D69-7131-4BCA-BA69-3183FC6F3498}.Debug|Any CPU.ActiveCfg = Debug|Any CPU
		{C6368D69-7131-4BCA-BA69-3183FC6F3498}.Debug|Any CPU.Build.0 = Debug|Any CPU
		{C6368D69-7131-4BCA-BA69-3183FC6F3498}.Release|Any CPU.ActiveCfg = Release|Any CPU
		{C6368D69-7131-4BCA-BA69-3183FC6F3498}.Release|Any CPU.Build.0 = Release|Any CPU
		{D6368D69-7131-4BCA-BA69-3183FC6F3498}.Debug|Any CPU.ActiveCfg = Debug|Any CPU
		{D6368D69-7131-4BCA-BA69-3183FC6F3498}.Debug|Any CPU.Build.0 = Debug|Any CPU
		{D6368D69-7131-4BCA-BA69-3183FC6F3498}.Release|Any CPU.ActiveCfg = Release|Any CPU
		{D6368D69-7131-4BCA-BA69-3183FC6F3498}.Release|Any CPU.Build.0 = Release|Any CPU
		{E6368D69-7131-4BCA-BA69-3183FC6F3498}.Debug|Any CPU.ActiveCfg = Debug|Any CPU
		{E6368D69-7131-4BCA-BA69-3183FC6F3498}.Debug|Any CPU.Build.0 = Debug|Any CPU
		{E6368D69-7131-4BCA-BA69-3183FC6F3498}.Release|Any CPU.ActiveCfg = Release|Any CPU
		{E6368D69-7131-4BCA-BA69-3183FC6F3498}.Release|Any CPU.Build.0 = Release|Any CPU
		{F6368D69-7131-4BCA-BA69-3183FC6F3498}.Debug|Any CPU.ActiveCfg = Debug|Any CPU
		{F6368D69-7131-4BCA-BA69-3183FC6F3498}.Debug|Any CPU.Build.0 = Debug|Any CPU
		{F6368D69-7131-4BCA-BA69-3183FC6F3498}.Release|Any CPU.ActiveCfg = Release|Any CPU
		{F6368D69-7131-4BCA-BA69-3183FC6F3498}.Release|Any CPU.Build.0 = Release|Any CPU
		{11702967-8092-4CAA-94D8-F4DB17BAA7C3}.Debug|Any CPU.ActiveCfg = Debug|Any CPU
		{11702967-8092-4CAA-94D8-F4DB17BAA7C3}.Debug|Any CPU.Build.0 = Debug|Any CPU
		{11702967-8092-4CAA-94D8-F4DB17BAA7C3}.Release|Any CPU.ActiveCfg = Release|Any CPU
		{11702967-8092-4CAA-94D8-F4DB17BAA7C3}.Release|Any CPU.Build.0 = Release|Any CPU
		{5EDFF837-3C89-47D1-AD87-7F831ED8AE0F}.Debug|Any CPU.ActiveCfg = Debug|Any CPU
		{5EDFF837-3C89-47D1-AD87-7F831ED8AE0F}.Debug|Any CPU.Build.0 = Debug|Any CPU
		{5EDFF837-3C89-47D1-AD87-7F831ED8AE0F}.Release|Any CPU.ActiveCfg = Release|Any CPU
		{5EDFF837-3C89-47D1-AD87-7F831ED8AE0F}.Release|Any CPU.Build.0 = Release|Any CPU
		{22F901B6-04B3-49C0-9A5F-87C52DCC9CA9}.Debug|Any CPU.ActiveCfg = Debug|Any CPU
		{22F901B6-04B3-49C0-9A5F-87C52DCC9CA9}.Debug|Any CPU.Build.0 = Debug|Any CPU
		{22F901B6-04B3-49C0-9A5F-87C52DCC9CA9}.Release|Any CPU.ActiveCfg = Release|Any CPU
		{22F901B6-04B3-49C0-9A5F-87C52DCC9CA9}.Release|Any CPU.Build.0 = Release|Any CPU
		{E842FA31-3CAA-4AB5-BC87-81DF52C4A3FA}.Debug|Any CPU.ActiveCfg = Debug|Any CPU
		{E842FA31-3CAA-4AB5-BC87-81DF52C4A3FA}.Debug|Any CPU.Build.0 = Debug|Any CPU
		{E842FA31-3CAA-4AB5-BC87-81DF52C4A3FA}.Release|Any CPU.ActiveCfg = Release|Any CPU
		{E842FA31-3CAA-4AB5-BC87-81DF52C4A3FA}.Release|Any CPU.Build.0 = Release|Any CPU
		{958B798D-A666-4460-8AD9-CA54B244796A}.Debug|Any CPU.ActiveCfg = Debug|Any CPU
		{958B798D-A666-4460-8AD9-CA54B244796A}.Debug|Any CPU.Build.0 = Debug|Any CPU
		{958B798D-A666-4460-8AD9-CA54B244796A}.Release|Any CPU.ActiveCfg = Release|Any CPU
		{958B798D-A666-4460-8AD9-CA54B244796A}.Release|Any CPU.Build.0 = Release|Any CPU
		{3C52EE64-1AB7-4914-AEAC-AABB6597738E}.Debug|Any CPU.ActiveCfg = Debug|Any CPU
		{3C52EE64-1AB7-4914-AEAC-AABB6597738E}.Debug|Any CPU.Build.0 = Debug|Any CPU
		{3C52EE64-1AB7-4914-AEAC-AABB6597738E}.Release|Any CPU.ActiveCfg = Release|Any CPU
		{3C52EE64-1AB7-4914-AEAC-AABB6597738E}.Release|Any CPU.Build.0 = Release|Any CPU
		{11702967-8092-4CAA-94D8-F4DB17BAA7C5}.Debug|Any CPU.ActiveCfg = Debug|Any CPU
		{11702967-8092-4CAA-94D8-F4DB17BAA7C5}.Debug|Any CPU.Build.0 = Debug|Any CPU
		{11702967-8092-4CAA-94D8-F4DB17BAA7C5}.Release|Any CPU.ActiveCfg = Release|Any CPU
		{11702967-8092-4CAA-94D8-F4DB17BAA7C5}.Release|Any CPU.Build.0 = Release|Any CPU
		{5EDFF837-3C89-47D1-AD87-7F831ED8AE0A}.Debug|Any CPU.ActiveCfg = Debug|Any CPU
		{5EDFF837-3C89-47D1-AD87-7F831ED8AE0A}.Debug|Any CPU.Build.0 = Debug|Any CPU
		{5EDFF837-3C89-47D1-AD87-7F831ED8AE0A}.Release|Any CPU.ActiveCfg = Release|Any CPU
		{5EDFF837-3C89-47D1-AD87-7F831ED8AE0A}.Release|Any CPU.Build.0 = Release|Any CPU
		{22F901B6-04B3-49C0-9A5F-87C52DCC9CA3}.Debug|Any CPU.ActiveCfg = Debug|Any CPU
		{22F901B6-04B3-49C0-9A5F-87C52DCC9CA3}.Debug|Any CPU.Build.0 = Debug|Any CPU
		{22F901B6-04B3-49C0-9A5F-87C52DCC9CA3}.Release|Any CPU.ActiveCfg = Release|Any CPU
		{22F901B6-04B3-49C0-9A5F-87C52DCC9CA3}.Release|Any CPU.Build.0 = Release|Any CPU
		{E842FA31-3CAA-4AB5-BC87-81DF52C4A3F2}.Debug|Any CPU.ActiveCfg = Debug|Any CPU
		{E842FA31-3CAA-4AB5-BC87-81DF52C4A3F2}.Debug|Any CPU.Build.0 = Debug|Any CPU
		{E842FA31-3CAA-4AB5-BC87-81DF52C4A3F2}.Release|Any CPU.ActiveCfg = Release|Any CPU
		{E842FA31-3CAA-4AB5-BC87-81DF52C4A3F2}.Release|Any CPU.Build.0 = Release|Any CPU
		{958B798D-A666-4460-8AD9-CA54B244796B}.Debug|Any CPU.ActiveCfg = Debug|Any CPU
		{958B798D-A666-4460-8AD9-CA54B244796B}.Debug|Any CPU.Build.0 = Debug|Any CPU
		{958B798D-A666-4460-8AD9-CA54B244796B}.Release|Any CPU.ActiveCfg = Release|Any CPU
		{958B798D-A666-4460-8AD9-CA54B244796B}.Release|Any CPU.Build.0 = Release|Any CPU
		{3C52EE64-1AB7-4914-AEAC-AABB6597738D}.Debug|Any CPU.ActiveCfg = Debug|Any CPU
		{3C52EE64-1AB7-4914-AEAC-AABB6597738D}.Debug|Any CPU.Build.0 = Debug|Any CPU
		{3C52EE64-1AB7-4914-AEAC-AABB6597738D}.Release|Any CPU.ActiveCfg = Release|Any CPU
		{3C52EE64-1AB7-4914-AEAC-AABB6597738D}.Release|Any CPU.Build.0 = Release|Any CPU
	EndGlobalSection
	GlobalSection(SolutionProperties) = preSolution
		HideSolutionNode = FALSE
	EndGlobalSection
	GlobalSection(ExtensibilityGlobals) = postSolution
		SolutionGuid = {13570C35-5E0D-46EB-8420-EF1AAB356D35}
	EndGlobalSection
EndGlobal
